
Microsoft Visual Studio Solution File, Format Version 12.00
# Visual Studio Version 17
VisualStudioVersion = 17.1.32228.430
MinimumVisualStudioVersion = 10.0.40219.1
Project("{FAE04EC0-301F-11D3-BF4B-00C04F79EFBC}") = "EV3_Examen_Ejercicio_01", "EV3_Examen_Ejercicio_01\EV3_Examen_Ejercicio_01.csproj", "{946FAD78-CE73-4880-8143-C2C9E9799991}"
EndProject
Global
	GlobalSection(SolutionConfigurationPlatforms) = preSolution
		Debug|Any CPU = Debug|Any CPU
		Release|Any CPU = Release|Any CPU
	EndGlobalSection
	GlobalSection(ProjectConfigurationPlatforms) = postSolution
		{946FAD78-CE73-4880-8143-C2C9E9799991}.Debug|Any CPU.ActiveCfg = Debug|Any CPU
		{946FAD78-CE73-4880-8143-C2C9E9799991}.Debug|Any CPU.Build.0 = Debug|Any CPU
		{946FAD78-CE73-4880-8143-C2C9E9799991}.Release|Any CPU.ActiveCfg = Release|Any CPU
		{946FAD78-CE73-4880-8143-C2C9E9799991}.Release|Any CPU.Build.0 = Release|Any CPU
	EndGlobalSection
	GlobalSection(SolutionProperties) = preSolution
		HideSolutionNode = FALSE
	EndGlobalSection
	GlobalSection(ExtensibilityGlobals) = postSolution
		SolutionGuid = {E2C93C58-267C-4E7E-A72F-DDC35E5B6B80}
	EndGlobalSection
EndGlobal
